
Microsoft Visual Studio Solution File, Format Version 12.00
# Visual Studio Version 16
VisualStudioVersion = 16.0.30709.132
MinimumVisualStudioVersion = 10.0.40219.1
Project("{FAE04EC0-301F-11D3-BF4B-00C04F79EFBC}") = "AutoMortarShellChoice", "AutoMortarShellChoice.csproj", "{72BF306F-4830-46A5-B3F3-254D4EA491DF}"
EndProject
Global
	GlobalSection(SolutionConfigurationPlatforms) = preSolution
		Debug|Any CPU = Debug|Any CPU
		Release|Any CPU = Release|Any CPU
	EndGlobalSection
	GlobalSection(ProjectConfigurationPlatforms) = postSolution
		{72BF306F-4830-46A5-B3F3-254D4EA491DF}.Debug|Any CPU.ActiveCfg = Debug|Any CPU
		{72BF306F-4830-46A5-B3F3-254D4EA491DF}.Debug|Any CPU.Build.0 = Debug|Any CPU
		{72BF306F-4830-46A5-B3F3-254D4EA491DF}.Release|Any CPU.ActiveCfg = Release|Any CPU
		{72BF306F-4830-46A5-B3F3-254D4EA491DF}.Release|Any CPU.Build.0 = Release|Any CPU
	EndGlobalSection
	GlobalSection(SolutionProperties) = preSolution
		HideSolutionNode = FALSE
	EndGlobalSection
	GlobalSection(ExtensibilityGlobals) = postSolution
		SolutionGuid = {C2276087-4B51-4E82-9472-3549C2EBA786}
	EndGlobalSection
EndGlobal
